// !$*UTF8*$!
{
	archiveVersion = 1;
	classes = {
	};
	objectVersion = 50;
	objects = {

/* Begin PBXBuildFile section */
		5CB79659241B072600A62F40 /* AppDelegate.swift in Sources */ = {isa = PBXBuildFile; fileRef = 5CB79658241B072600A62F40 /* AppDelegate.swift */; };
		5CB7965B241B072600A62F40 /* SceneDelegate.swift in Sources */ = {isa = PBXBuildFile; fileRef = 5CB7965A241B072600A62F40 /* SceneDelegate.swift */; };
		5CB7965D241B072600A62F40 /* ViewController.swift in Sources */ = {isa = PBXBuildFile; fileRef = 5CB7965C241B072600A62F40 /* ViewController.swift */; };
		5CB79660241B072600A62F40 /* Main.storyboard in Resources */ = {isa = PBXBuildFile; fileRef = 5CB7965E241B072600A62F40 /* Main.storyboard */; };
		5CB79662241B072700A62F40 /* Assets.xcassets in Resources */ = {isa = PBXBuildFile; fileRef = 5CB79661241B072700A62F40 /* Assets.xcassets */; };
		5CB79665241B072700A62F40 /* LaunchScreen.storyboard in Resources */ = {isa = PBXBuildFile; fileRef = 5CB79663241B072700A62F40 /* LaunchScreen.storyboard */; };
		5CB79670241B072700A62F40 /* IAmRichTests.swift in Sources */ = {isa = PBXBuildFile; fileRef = 5CB7966F241B072700A62F40 /* IAmRichTests.swift */; };
		5CB7967B241B072700A62F40 /* IAmRichUITests.swift in Sources */ = {isa = PBXBuildFile; fileRef = 5CB7967A241B072700A62F40 /* IAmRichUITests.swift */; };
/* End PBXBuildFile section */

/* Begin PBXContainerItemProxy section */
		5CB7966C241B072700A62F40 /* PBXContainerItemProxy */ = {
			isa = PBXContainerItemProxy;
			containerPortal = 5CB7964D241B072600A62F40 /* Project object */;
			proxyType = 1;
			remoteGlobalIDString = 5CB79654241B072600A62F40;
			remoteInfo = IAmRich;
		};
		5CB79677241B072700A62F40 /* PBXContainerItemProxy */ = {
			isa = PBXContainerItemProxy;
			containerPortal = 5CB7964D241B072600A62F40 /* Project object */;
			proxyType = 1;
			remoteGlobalIDString = 5CB79654241B072600A62F40;
			remoteInfo = IAmRich;
		};
/* End PBXContainerItemProxy section */

/* Begin PBXFileReference section */
		5CB79655241B072600A62F40 /* IAmRich.app */ = {isa = PBXFileReference; explicitFileType = wrapper.application; includeInIndex = 0; path = IAmRich.app; sourceTree = BUILT_PRODUCTS_DIR; };
		5CB79658241B072600A62F40 /* AppDelegate.swift */ = {isa = PBXFileReference; lastKnownFileType = sourcecode.swift; path = AppDelegate.swift; sourceTree = "<group>"; };
		5CB7965A241B072600A62F40 /* SceneDelegate.swift */ = {isa = PBXFileReference; lastKnownFileType = sourcecode.swift; path = SceneDelegate.swift; sourceTree = "<group>"; };
		5CB7965C241B072600A62F40 /* ViewController.swift */ = {isa = PBXFileReference; lastKnownFileType = sourcecode.swift; path = ViewController.swift; sourceTree = "<group>"; };
		5CB7965F241B072600A62F40 /* Base */ = {isa = PBXFileReference; lastKnownFileType = file.storyboard; name = Base; path = Base.lproj/Main.storyboard; sourceTree = "<group>"; };
		5CB79661241B072700A62F40 /* Assets.xcassets */ = {isa = PBXFileReference; lastKnownFileType = folder.assetcatalog; path = Assets.xcassets; sourceTree = "<group>"; };
		5CB79664241B072700A62F40 /* Base */ = {isa = PBXFileReference; lastKnownFileType = file.storyboard; name = Base; path = Base.lproj/LaunchScreen.storyboard; sourceTree = "<group>"; };
		5CB79666241B072700A62F40 /* Info.plist */ = {isa = PBXFileReference; lastKnownFileType = text.plist.xml; path = Info.plist; sourceTree = "<group>"; };
		5CB7966B241B072700A62F40 /* IAmRichTests.xctest */ = {isa = PBXFileReference; explicitFileType = wrapper.cfbundle; includeInIndex = 0; path = IAmRichTests.xctest; sourceTree = BUILT_PRODUCTS_DIR; };
		5CB7966F241B072700A62F40 /* IAmRichTests.swift */ = {isa = PBXFileReference; lastKnownFileType = sourcecode.swift; path = IAmRichTests.swift; sourceTree = "<group>"; };
		5CB79671241B072700A62F40 /* Info.plist */ = {isa = PBXFileReference; lastKnownFileType = text.plist.xml; path = Info.plist; sourceTree = "<group>"; };
		5CB79676241B072700A62F40 /* IAmRichUITests.xctest */ = {isa = PBXFileReference; explicitFileType = wrapper.cfbundle; includeInIndex = 0; path = IAmRichUITests.xctest; sourceTree = BUILT_PRODUCTS_DIR; };
		5CB7967A241B072700A62F40 /* IAmRichUITests.swift */ = {isa = PBXFileReference; lastKnownFileType = sourcecode.swift; path = IAmRichUITests.swift; sourceTree = "<group>"; };
		5CB7967C241B072700A62F40 /* Info.plist */ = {isa = PBXFileReference; lastKnownFileType = text.plist.xml; path = Info.plist; sourceTree = "<group>"; };
/* End PBXFileReference section */

/* Begin PBXFrameworksBuildPhase section */
		5CB79652241B072600A62F40 /* Frameworks */ = {
			isa = PBXFrameworksBuildPhase;
			buildActionMask = 2147483647;
			files = (
			);
			runOnlyForDeploymentPostprocessing = 0;
		};
		5CB79668241B072700A62F40 /* Frameworks */ = {
			isa = PBXFrameworksBuildPhase;
			buildActionMask = 2147483647;
			files = (
			);
			runOnlyForDeploymentPostprocessing = 0;
		};
		5CB79673241B072700A62F40 /* Frameworks */ = {
			isa = PBXFrameworksBuildPhase;
			buildActionMask = 2147483647;
			files = (
			);
			runOnlyForDeploymentPostprocessing = 0;
		};
/* End PBXFrameworksBuildPhase section */

/* Begin PBXGroup section */
		5CB7964C241B072600A62F40 = {
			isa = PBXGroup;
			children = (
				5CB79657241B072600A62F40 /* IAmRich */,
				5CB7966E241B072700A62F40 /* IAmRichTests */,
				5CB79679241B072700A62F40 /* IAmRichUITests */,
				5CB79656241B072600A62F40 /* Products */,
			);
			sourceTree = "<group>";
		};
		5CB79656241B072600A62F40 /* Products */ = {
			isa = PBXGroup;
			children = (
				5CB79655241B072600A62F40 /* IAmRich.app */,
				5CB7966B241B072700A62F40 /* IAmRichTests.xctest */,
				5CB79676241B072700A62F40 /* IAmRichUITests.xctest */,
			);
			name = Products;
			sourceTree = "<group>";
		};
		5CB79657241B072600A62F40 /* IAmRich */ = {
			isa = PBXGroup;
			children = (
				5CB79658241B072600A62F40 /* AppDelegate.swift */,
				5CB7965A241B072600A62F40 /* SceneDelegate.swift */,
				5CB7965C241B072600A62F40 /* ViewController.swift */,
				5CB7965E241B072600A62F40 /* Main.storyboard */,
				5CB79661241B072700A62F40 /* Assets.xcassets */,
				5CB79663241B072700A62F40 /* LaunchScreen.storyboard */,
				5CB79666241B072700A62F40 /* Info.plist */,
			);
			path = IAmRich;
			sourceTree = "<group>";
		};
		5CB7966E241B072700A62F40 /* IAmRichTests */ = {
			isa = PBXGroup;
			children = (
				5CB7966F241B072700A62F40 /* IAmRichTests.swift */,
				5CB79671241B072700A62F40 /* Info.plist */,
			);
			path = IAmRichTests;
			sourceTree = "<group>";
		};
		5CB79679241B072700A62F40 /* IAmRichUITests */ = {
			isa = PBXGroup;
			children = (
				5CB7967A241B072700A62F40 /* IAmRichUITests.swift */,
				5CB7967C241B072700A62F40 /* Info.plist */,
			);
			path = IAmRichUITests;
			sourceTree = "<group>";
		};
/* End PBXGroup section */

/* Begin PBXNativeTarget section */
		5CB79654241B072600A62F40 /* IAmRich */ = {
			isa = PBXNativeTarget;
			buildConfigurationList = 5CB7967F241B072700A62F40 /* Build configuration list for PBXNativeTarget "IAmRich" */;
			buildPhases = (
				5CB79651241B072600A62F40 /* Sources */,
				5CB79652241B072600A62F40 /* Frameworks */,
				5CB79653241B072600A62F40 /* Resources */,
			);
			buildRules = (
			);
			dependencies = (
			);
			name = IAmRich;
			productName = IAmRich;
			productReference = 5CB79655241B072600A62F40 /* IAmRich.app */;
			productType = "com.apple.product-type.application";
		};
		5CB7966A241B072700A62F40 /* IAmRichTests */ = {
			isa = PBXNativeTarget;
			buildConfigurationList = 5CB79682241B072700A62F40 /* Build configuration list for PBXNativeTarget "IAmRichTests" */;
			buildPhases = (
				5CB79667241B072700A62F40 /* Sources */,
				5CB79668241B072700A62F40 /* Frameworks */,
				5CB79669241B072700A62F40 /* Resources */,
			);
			buildRules = (
			);
			dependencies = (
				5CB7966D241B072700A62F40 /* PBXTargetDependency */,
			);
			name = IAmRichTests;
			productName = IAmRichTests;
			productReference = 5CB7966B241B072700A62F40 /* IAmRichTests.xctest */;
			productType = "com.apple.product-type.bundle.unit-test";
		};
		5CB79675241B072700A62F40 /* IAmRichUITests */ = {
			isa = PBXNativeTarget;
			buildConfigurationList = 5CB79685241B072700A62F40 /* Build configuration list for PBXNativeTarget "IAmRichUITests" */;
			buildPhases = (
				5CB79672241B072700A62F40 /* Sources */,
				5CB79673241B072700A62F40 /* Frameworks */,
				5CB79674241B072700A62F40 /* Resources */,
			);
			buildRules = (
			);
			dependencies = (
				5CB79678241B072700A62F40 /* PBXTargetDependency */,
			);
			name = IAmRichUITests;
			productName = IAmRichUITests;
			productReference = 5CB79676241B072700A62F40 /* IAmRichUITests.xctest */;
			productType = "com.apple.product-type.bundle.ui-testing";
		};
/* End PBXNativeTarget section */

/* Begin PBXProject section */
		5CB7964D241B072600A62F40 /* Project object */ = {
			isa = PBXProject;
			attributes = {
				LastSwiftUpdateCheck = 1130;
				LastUpgradeCheck = 1130;
				ORGANIZATIONNAME = gaoey;
				TargetAttributes = {
					5CB79654241B072600A62F40 = {
						CreatedOnToolsVersion = 11.3.1;
					};
					5CB7966A241B072700A62F40 = {
						CreatedOnToolsVersion = 11.3.1;
						TestTargetID = 5CB79654241B072600A62F40;
					};
					5CB79675241B072700A62F40 = {
						CreatedOnToolsVersion = 11.3.1;
						TestTargetID = 5CB79654241B072600A62F40;
					};
				};
			};
			buildConfigurationList = 5CB79650241B072600A62F40 /* Build configuration list for PBXProject "IAmRich" */;
			compatibilityVersion = "Xcode 9.3";
			developmentRegion = en;
			hasScannedForEncodings = 0;
			knownRegions = (
				en,
				Base,
			);
			mainGroup = 5CB7964C241B072600A62F40;
			productRefGroup = 5CB79656241B072600A62F40 /* Products */;
			projectDirPath = "";
			projectRoot = "";
			targets = (
				5CB79654241B072600A62F40 /* IAmRich */,
				5CB7966A241B072700A62F40 /* IAmRichTests */,
				5CB79675241B072700A62F40 /* IAmRichUITests */,
			);
		};
/* End PBXProject section */

/* Begin PBXResourcesBuildPhase section */
		5CB79653241B072600A62F40 /* Resources */ = {
			isa = PBXResourcesBuildPhase;
			buildActionMask = 2147483647;
			files = (
				5CB79665241B072700A62F40 /* LaunchScreen.storyboard in Resources */,
				5CB79662241B072700A62F40 /* Assets.xcassets in Resources */,
				5CB79660241B072600A62F40 /* Main.storyboard in Resources */,
			);
			runOnlyForDeploymentPostprocessing = 0;
		};
		5CB79669241B072700A62F40 /* Resources */ = {
			isa = PBXResourcesBuildPhase;
			buildActionMask = 2147483647;
			files = (
			);
			runOnlyForDeploymentPostprocessing = 0;
		};
		5CB79674241B072700A62F40 /* Resources */ = {
			isa = PBXResourcesBuildPhase;
			buildActionMask = 2147483647;
			files = (
			);
			runOnlyForDeploymentPostprocessing = 0;
		};
/* End PBXResourcesBuildPhase section */

/* Begin PBXSourcesBuildPhase section */
		5CB79651241B072600A62F40 /* Sources */ = {
			isa = PBXSourcesBuildPhase;
			buildActionMask = 2147483647;
			files = (
				5CB7965D241B072600A62F40 /* ViewController.swift in Sources */,
				5CB79659241B072600A62F40 /* AppDelegate.swift in Sources */,
				5CB7965B241B072600A62F40 /* SceneDelegate.swift in Sources */,
			);
			runOnlyForDeploymentPostprocessing = 0;
		};
		5CB79667241B072700A62F40 /* Sources */ = {
			isa = PBXSourcesBuildPhase;
			buildActionMask = 2147483647;
			files = (
				5CB79670241B072700A62F40 /* IAmRichTests.swift in Sources */,
			);
			runOnlyForDeploymentPostprocessing = 0;
		};
		5CB79672241B072700A62F40 /* Sources */ = {
			isa = PBXSourcesBuildPhase;
			buildActionMask = 2147483647;
			files = (
				5CB7967B241B072700A62F40 /* IAmRichUITests.swift in Sources */,
			);
			runOnlyForDeploymentPostprocessing = 0;
		};
/* End PBXSourcesBuildPhase section */

/* Begin PBXTargetDependency section */
		5CB7966D241B072700A62F40 /* PBXTargetDependency */ = {
			isa = PBXTargetDependency;
			target = 5CB79654241B072600A62F40 /* IAmRich */;
			targetProxy = 5CB7966C241B072700A62F40 /* PBXContainerItemProxy */;
		};
		5CB79678241B072700A62F40 /* PBXTargetDependency */ = {
			isa = PBXTargetDependency;
			target = 5CB79654241B072600A62F40 /* IAmRich */;
			targetProxy = 5CB79677241B072700A62F40 /* PBXContainerItemProxy */;
		};
/* End PBXTargetDependency section */

/* Begin PBXVariantGroup section */
		5CB7965E241B072600A62F40 /* Main.storyboard */ = {
			isa = PBXVariantGroup;
			children = (
				5CB7965F241B072600A62F40 /* Base */,
			);
			name = Main.storyboard;
			sourceTree = "<group>";
		};
		5CB79663241B072700A62F40 /* LaunchScreen.storyboard */ = {
			isa = PBXVariantGroup;
			children = (
				5CB79664241B072700A62F40 /* Base */,
			);
			name = LaunchScreen.storyboard;
			sourceTree = "<group>";
		};
/* End PBXVariantGroup section */

/* Begin XCBuildConfiguration section */
		5CB7967D241B072700A62F40 /* Debug */ = {
			isa = XCBuildConfiguration;
			buildSettings = {
				ALWAYS_SEARCH_USER_PATHS = NO;
				CLANG_ANALYZER_NONNULL = YES;
				CLANG_ANALYZER_NUMBER_OBJECT_CONVERSION = YES_AGGRESSIVE;
				CLANG_CXX_LANGUAGE_STANDARD = "gnu++14";
				CLANG_CXX_LIBRARY = "libc++";
				CLANG_ENABLE_MODULES = YES;
				CLANG_ENABLE_OBJC_ARC = YES;
				CLANG_ENABLE_OBJC_WEAK = YES;
				CLANG_WARN_BLOCK_CAPTURE_AUTORELEASING = YES;
				CLANG_WARN_BOOL_CONVERSION = YES;
				CLANG_WARN_COMMA = YES;
				CLANG_WARN_CONSTANT_CONVERSION = YES;
				CLANG_WARN_DEPRECATED_OBJC_IMPLEMENTATIONS = YES;
				CLANG_WARN_DIRECT_OBJC_ISA_USAGE = YES_ERROR;
				CLANG_WARN_DOCUMENTATION_COMMENTS = YES;
				CLANG_WARN_EMPTY_BODY = YES;
				CLANG_WARN_ENUM_CONVERSION = YES;
				CLANG_WARN_INFINITE_RECURSION = YES;
				CLANG_WARN_INT_CONVERSION = YES;
				CLANG_WARN_NON_LITERAL_NULL_CONVERSION = YES;
				CLANG_WARN_OBJC_IMPLICIT_RETAIN_SELF = YES;
				CLANG_WARN_OBJC_LITERAL_CONVERSION = YES;
				CLANG_WARN_OBJC_ROOT_CLASS = YES_ERROR;
				CLANG_WARN_RANGE_LOOP_ANALYSIS = YES;
				CLANG_WARN_STRICT_PROTOTYPES = YES;
				CLANG_WARN_SUSPICIOUS_MOVE = YES;
				CLANG_WARN_UNGUARDED_AVAILABILITY = YES_AGGRESSIVE;
				CLANG_WARN_UNREACHABLE_CODE = YES;
				CLANG_WARN__DUPLICATE_METHOD_MATCH = YES;
				COPY_PHASE_STRIP = NO;
				DEBUG_INFORMATION_FORMAT = dwarf;
				ENABLE_STRICT_OBJC_MSGSEND = YES;
				ENABLE_TESTABILITY = YES;
				GCC_C_LANGUAGE_STANDARD = gnu11;
				GCC_DYNAMIC_NO_PIC = NO;
				GCC_NO_COMMON_BLOCKS = YES;
				GCC_OPTIMIZATION_LEVEL = 0;
				GCC_PREPROCESSOR_DEFINITIONS = (
					"DEBUG=1",
					"$(inherited)",
				);
				GCC_WARN_64_TO_32_BIT_CONVERSION = YES;
				GCC_WARN_ABOUT_RETURN_TYPE = YES_ERROR;
				GCC_WARN_UNDECLARED_SELECTOR = YES;
				GCC_WARN_UNINITIALIZED_AUTOS = YES_AGGRESSIVE;
				GCC_WARN_UNUSED_FUNCTION = YES;
				GCC_WARN_UNUSED_VARIABLE = YES;
				IPHONEOS_DEPLOYMENT_TARGET = 13.2;
				MTL_ENABLE_DEBUG_INFO = INCLUDE_SOURCE;
				MTL_FAST_MATH = YES;
				ONLY_ACTIVE_ARCH = YES;
				SDKROOT = iphoneos;
				SWIFT_ACTIVE_COMPILATION_CONDITIONS = DEBUG;
				SWIFT_OPTIMIZATION_LEVEL = "-Onone";
			};
			name = Debug;
		};
		5CB7967E241B072700A62F40 /* Release */ = {
			isa = XCBuildConfiguration;
			buildSettings = {
				ALWAYS_SEARCH_USER_PATHS = NO;
				CLANG_ANALYZER_NONNULL = YES;
				CLANG_ANALYZER_NUMBER_OBJECT_CONVERSION = YES_AGGRESSIVE;
				CLANG_CXX_LANGUAGE_STANDARD = "gnu++14";
				CLANG_CXX_LIBRARY = "libc++";
				CLANG_ENABLE_MODULES = YES;
				CLANG_ENABLE_OBJC_ARC = YES;
				CLANG_ENABLE_OBJC_WEAK = YES;
				CLANG_WARN_BLOCK_CAPTURE_AUTORELEASING = YES;
				CLANG_WARN_BOOL_CONVERSION = YES;
				CLANG_WARN_COMMA = YES;
				CLANG_WARN_CONSTANT_CONVERSION = YES;
				CLANG_WARN_DEPRECATED_OBJC_IMPLEMENTATIONS = YES;
				CLANG_WARN_DIRECT_OBJC_ISA_USAGE = YES_ERROR;
				CLANG_WARN_DOCUMENTATION_COMMENTS = YES;
				CLANG_WARN_EMPTY_BODY = YES;
				CLANG_WARN_ENUM_CONVERSION = YES;
				CLANG_WARN_INFINITE_RECURSION = YES;
				CLANG_WARN_INT_CONVERSION = YES;
				CLANG_WARN_NON_LITERAL_NULL_CONVERSION = YES;
				CLANG_WARN_OBJC_IMPLICIT_RETAIN_SELF = YES;
				CLANG_WARN_OBJC_LITERAL_CONVERSION = YES;
				CLANG_WARN_OBJC_ROOT_CLASS = YES_ERROR;
				CLANG_WARN_RANGE_LOOP_ANALYSIS = YES;
				CLANG_WARN_STRICT_PROTOTYPES = YES;
				CLANG_WARN_SUSPICIOUS_MOVE = YES;
				CLANG_WARN_UNGUARDED_AVAILABILITY = YES_AGGRESSIVE;
				CLANG_WARN_UNREACHABLE_CODE = YES;
				CLANG_WARN__DUPLICATE_METHOD_MATCH = YES;
				COPY_PHASE_STRIP = NO;
				DEBUG_INFORMATION_FORMAT = "dwarf-with-dsym";
				ENABLE_NS_ASSERTIONS = NO;
				ENABLE_STRICT_OBJC_MSGSEND = YES;
				GCC_C_LANGUAGE_STANDARD = gnu11;
				GCC_NO_COMMON_BLOCKS = YES;
				GCC_WARN_64_TO_32_BIT_CONVERSION = YES;
				GCC_WARN_ABOUT_RETURN_TYPE = YES_ERROR;
				GCC_WARN_UNDECLARED_SELECTOR = YES;
				GCC_WARN_UNINITIALIZED_AUTOS = YES_AGGRESSIVE;
				GCC_WARN_UNUSED_FUNCTION = YES;
				GCC_WARN_UNUSED_VARIABLE = YES;
				IPHONEOS_DEPLOYMENT_TARGET = 13.2;
				MTL_ENABLE_DEBUG_INFO = NO;
				MTL_FAST_MATH = YES;
				SDKROOT = iphoneos;
				SWIFT_COMPILATION_MODE = wholemodule;
				SWIFT_OPTIMIZATION_LEVEL = "-O";
				VALIDATE_PRODUCT = YES;
			};
			name = Release;
		};
		5CB79680241B072700A62F40 /* Debug */ = {
			isa = XCBuildConfiguration;
			buildSettings = {
				ASSETCATALOG_COMPILER_APPICON_NAME = AppIcon;
				CODE_SIGN_STYLE = Automatic;
				DEVELOPMENT_TEAM = 3XSNEXG9QT;
				INFOPLIST_FILE = IAmRich/Info.plist;
				LD_RUNPATH_SEARCH_PATHS = (
					"$(inherited)",
					"@executable_path/Frameworks",
				);
				PRODUCT_BUNDLE_IDENTIFIER = com.gaoey.iamrich.IAmRich;
				PRODUCT_NAME = "$(TARGET_NAME)";
				SWIFT_VERSION = 5.0;
				TARGETED_DEVICE_FAMILY = "1,2";
			};
			name = Debug;
		};
		5CB79681241B072700A62F40 /* Release */ = {
			isa = XCBuildConfiguration;
			buildSettings = {
				ASSETCATALOG_COMPILER_APPICON_NAME = AppIcon;
				CODE_SIGN_STYLE = Automatic;
				DEVELOPMENT_TEAM = 3XSNEXG9QT;
				INFOPLIST_FILE = IAmRich/Info.plist;
				LD_RUNPATH_SEARCH_PATHS = (
					"$(inherited)",
					"@executable_path/Frameworks",
				);
				PRODUCT_BUNDLE_IDENTIFIER = com.gaoey.iamrich.IAmRich;
				PRODUCT_NAME = "$(TARGET_NAME)";
				SWIFT_VERSION = 5.0;
				TARGETED_DEVICE_FAMILY = "1,2";
			};
			name = Release;
		};
		5CB79683241B072700A62F40 /* Debug */ = {
			isa = XCBuildConfiguration;
			buildSettings = {
				ALWAYS_EMBED_SWIFT_STANDARD_LIBRARIES = YES;
				BUNDLE_LOADER = "$(TEST_HOST)";
				CODE_SIGN_STYLE = Automatic;
				DEVELOPMENT_TEAM = 3XSNEXG9QT;
				INFOPLIST_FILE = IAmRichTests/Info.plist;
				IPHONEOS_DEPLOYMENT_TARGET = 13.2;
				LD_RUNPATH_SEARCH_PATHS = (
					"$(inherited)",
					"@executable_path/Frameworks",
					"@loader_path/Frameworks",
				);
				PRODUCT_BUNDLE_IDENTIFIER = com.gaoey.iamrich.IAmRichTests;
				PRODUCT_NAME = "$(TARGET_NAME)";
				SWIFT_VERSION = 5.0;
				TARGETED_DEVICE_FAMILY = "1,2";
				TEST_HOST = "$(BUILT_PRODUCTS_DIR)/IAmRich.app/IAmRich";
			};
			name = Debug;
		};
		5CB79684241B072700A62F40 /* Release */ = {
			isa = XCBuildConfiguration;
			buildSettings = {
				ALWAYS_EMBED_SWIFT_STANDARD_LIBRARIES = YES;
				BUNDLE_LOADER = "$(TEST_HOST)";
				CODE_SIGN_STYLE = Automatic;
				DEVELOPMENT_TEAM = 3XSNEXG9QT;
				INFOPLIST_FILE = IAmRichTests/Info.plist;
				IPHONEOS_DEPLOYMENT_TARGET = 13.2;
				LD_RUNPATH_SEARCH_PATHS = (
					"$(inherited)",
					"@executable_path/Frameworks",
					"@loader_path/Frameworks",
				);
				PRODUCT_BUNDLE_IDENTIFIER = com.gaoey.iamrich.IAmRichTests;
				PRODUCT_NAME = "$(TARGET_NAME)";
				SWIFT_VERSION = 5.0;
				TARGETED_DEVICE_FAMILY = "1,2";
				TEST_HOST = "$(BUILT_PRODUCTS_DIR)/IAmRich.app/IAmRich";
			};
			name = Release;
		};
		5CB79686241B072700A62F40 /* Debug */ = {
			isa = XCBuildConfiguration;
			buildSettings = {
				ALWAYS_EMBED_SWIFT_STANDARD_LIBRARIES = YES;
				CODE_SIGN_STYLE = Automatic;
				DEVELOPMENT_TEAM = 3XSNEXG9QT;
				INFOPLIST_FILE = IAmRichUITests/Info.plist;
				LD_RUNPATH_SEARCH_PATHS = (
					"$(inherited)",
					"@executable_path/Frameworks",
					"@loader_path/Frameworks",
				);
				PRODUCT_BUNDLE_IDENTIFIER = com.gaoey.iamrich.IAmRichUITests;
				PRODUCT_NAME = "$(TARGET_NAME)";
				SWIFT_VERSION = 5.0;
				TARGETED_DEVICE_FAMILY = "1,2";
				TEST_TARGET_NAME = IAmRich;
			};
			name = Debug;
		};
		5CB79687241B072700A62F40 /* Release */ = {
			isa = XCBuildConfiguration;
			buildSettings = {
				ALWAYS_EMBED_SWIFT_STANDARD_LIBRARIES = YES;
				CODE_SIGN_STYLE = Automatic;
				DEVELOPMENT_TEAM = 3XSNEXG9QT;
				INFOPLIST_FILE = IAmRichUITests/Info.plist;
				LD_RUNPATH_SEARCH_PATHS = (
					"$(inherited)",
					"@executable_path/Frameworks",
					"@loader_path/Frameworks",
				);
				PRODUCT_BUNDLE_IDENTIFIER = com.gaoey.iamrich.IAmRichUITests;
				PRODUCT_NAME = "$(TARGET_NAME)";
				SWIFT_VERSION = 5.0;
				TARGETED_DEVICE_FAMILY = "1,2";
				TEST_TARGET_NAME = IAmRich;
			};
			name = Release;
		};
/* End XCBuildConfiguration section */

/* Begin XCConfigurationList section */
		5CB79650241B072600A62F40 /* Build configuration list for PBXProject "IAmRich" */ = {
			isa = XCConfigurationList;
			buildConfigurations = (
				5CB7967D241B072700A62F40 /* Debug */,
				5CB7967E241B072700A62F40 /* Release */,
			);
			defaultConfigurationIsVisible = 0;
			defaultConfigurationName = Release;
		};
		5CB7967F241B072700A62F40 /* Build configuration list for PBXNativeTarget "IAmRich" */ = {
			isa = XCConfigurationList;
			buildConfigurations = (
				5CB79680241B072700A62F40 /* Debug */,
				5CB79681241B072700A62F40 /* Release */,
			);
			defaultConfigurationIsVisible = 0;
			defaultConfigurationName = Release;
		};
		5CB79682241B072700A62F40 /* Build configuration list for PBXNativeTarget "IAmRichTests" */ = {
			isa = XCConfigurationList;
			buildConfigurations = (
				5CB79683241B072700A62F40 /* Debug */,
				5CB79684241B072700A62F40 /* Release */,
			);
			defaultConfigurationIsVisible = 0;
			defaultConfigurationName = Release;
		};
		5CB79685241B072700A62F40 /* Build configuration list for PBXNativeTarget "IAmRichUITests" */ = {
			isa = XCConfigurationList;
			buildConfigurations = (
				5CB79686241B072700A62F40 /* Debug */,
				5CB79687241B072700A62F40 /* Release */,
			);
			defaultConfigurationIsVisible = 0;
			defaultConfigurationName = Release;
		};
/* End XCConfigurationList section */
	};
	rootObject = 5CB7964D241B072600A62F40 /* Project object */;
}
